
Microsoft Visual Studio Solution File, Format Version 12.00
# Visual Studio 15
VisualStudioVersion = 15.0.28010.2026
MinimumVisualStudioVersion = 10.0.40219.1
Project("{FAE04EC0-301F-11D3-BF4B-00C04F79EFBC}") = "Peter-Registry", "Peter-Registry\Peter-Registry.csproj", "{342E3CE8-FEFC-4CAF-B1BF-8296C6F11AA4}"
EndProject
Global
	GlobalSection(SolutionConfigurationPlatforms) = preSolution
		Debug|Any CPU = Debug|Any CPU
		Release|Any CPU = Release|Any CPU
	EndGlobalSection
	GlobalSection(ProjectConfigurationPlatforms) = postSolution
		{342E3CE8-FEFC-4CAF-B1BF-8296C6F11AA4}.Debug|Any CPU.ActiveCfg = Debug|Any CPU
		{342E3CE8-FEFC-4CAF-B1BF-8296C6F11AA4}.Debug|Any CPU.Build.0 = Debug|Any CPU
		{342E3CE8-FEFC-4CAF-B1BF-8296C6F11AA4}.Release|Any CPU.ActiveCfg = Release|Any CPU
		{342E3CE8-FEFC-4CAF-B1BF-8296C6F11AA4}.Release|Any CPU.Build.0 = Release|Any CPU
	EndGlobalSection
	GlobalSection(SolutionProperties) = preSolution
		HideSolutionNode = FALSE
	EndGlobalSection
	GlobalSection(ExtensibilityGlobals) = postSolution
		SolutionGuid = {44D79CEF-80FF-47C8-82EB-A81184ABD645}
	EndGlobalSection
EndGlobal
